// !$*UTF8*$!
{
	archiveVersion = 1;
	classes = {
	};
	objectVersion = 55;
	objects = {

/* Begin PBXBuildFile section */
		C5D8667927837A2200793041 /* LaunchScreen.storyboard in Resources */ = {isa = PBXBuildFile; fileRef = C5D8667827837A2200793041 /* LaunchScreen.storyboard */; };
		C5E9772F278338D9003DC639 /* AppDelegate.swift in Sources */ = {isa = PBXBuildFile; fileRef = C5E9772E278338D9003DC639 /* AppDelegate.swift */; };
		C5E97731278338D9003DC639 /* SceneDelegate.swift in Sources */ = {isa = PBXBuildFile; fileRef = C5E97730278338D9003DC639 /* SceneDelegate.swift */; };
		C5E97733278338D9003DC639 /* CoinViewController.swift in Sources */ = {isa = PBXBuildFile; fileRef = C5E97732278338D9003DC639 /* CoinViewController.swift */; };
		C5E97736278338D9003DC639 /* Main.storyboard in Resources */ = {isa = PBXBuildFile; fileRef = C5E97734278338D9003DC639 /* Main.storyboard */; };
		C5E97738278338DA003DC639 /* Assets.xcassets in Resources */ = {isa = PBXBuildFile; fileRef = C5E97737278338DA003DC639 /* Assets.xcassets */; };
		C5E97747278339F1003DC639 /* CoinModel.swift in Sources */ = {isa = PBXBuildFile; fileRef = C5E97746278339F1003DC639 /* CoinModel.swift */; };
		C5E9774A27833A2F003DC639 /* CoinAPI.swift in Sources */ = {isa = PBXBuildFile; fileRef = C5E9774927833A2F003DC639 /* CoinAPI.swift */; };
		C5E9774C27833A7B003DC639 /* CoinController.swift in Sources */ = {isa = PBXBuildFile; fileRef = C5E9774B27833A7B003DC639 /* CoinController.swift */; };
		C5E9774E27833CA4003DC639 /* NetworkManager.swift in Sources */ = {isa = PBXBuildFile; fileRef = C5E9774D27833CA4003DC639 /* NetworkManager.swift */; };
/* End PBXBuildFile section */

/* Begin PBXFileReference section */
		C5D8667827837A2200793041 /* LaunchScreen.storyboard */ = {isa = PBXFileReference; lastKnownFileType = file.storyboard; path = LaunchScreen.storyboard; sourceTree = "<group>"; };
		C5E9772B278338D9003DC639 /* CoinCheck.app */ = {isa = PBXFileReference; explicitFileType = wrapper.application; includeInIndex = 0; path = CoinCheck.app; sourceTree = BUILT_PRODUCTS_DIR; };
		C5E9772E278338D9003DC639 /* AppDelegate.swift */ = {isa = PBXFileReference; lastKnownFileType = sourcecode.swift; path = AppDelegate.swift; sourceTree = "<group>"; };
		C5E97730278338D9003DC639 /* SceneDelegate.swift */ = {isa = PBXFileReference; lastKnownFileType = sourcecode.swift; path = SceneDelegate.swift; sourceTree = "<group>"; };
		C5E97732278338D9003DC639 /* CoinViewController.swift */ = {isa = PBXFileReference; lastKnownFileType = sourcecode.swift; path = CoinViewController.swift; sourceTree = "<group>"; };
		C5E97735278338D9003DC639 /* Base */ = {isa = PBXFileReference; lastKnownFileType = file.storyboard; name = Base; path = Base.lproj/Main.storyboard; sourceTree = "<group>"; };
		C5E97737278338DA003DC639 /* Assets.xcassets */ = {isa = PBXFileReference; lastKnownFileType = folder.assetcatalog; path = Assets.xcassets; sourceTree = "<group>"; };
		C5E9773C278338DA003DC639 /* Info.plist */ = {isa = PBXFileReference; lastKnownFileType = text.plist.xml; path = Info.plist; sourceTree = "<group>"; };
		C5E97746278339F1003DC639 /* CoinModel.swift */ = {isa = PBXFileReference; lastKnownFileType = sourcecode.swift; path = CoinModel.swift; sourceTree = "<group>"; };
		C5E9774927833A2F003DC639 /* CoinAPI.swift */ = {isa = PBXFileReference; lastKnownFileType = sourcecode.swift; path = CoinAPI.swift; sourceTree = "<group>"; };
		C5E9774B27833A7B003DC639 /* CoinController.swift */ = {isa = PBXFileReference; lastKnownFileType = sourcecode.swift; path = CoinController.swift; sourceTree = "<group>"; };
		C5E9774D27833CA4003DC639 /* NetworkManager.swift */ = {isa = PBXFileReference; lastKnownFileType = sourcecode.swift; path = NetworkManager.swift; sourceTree = "<group>"; };
/* End PBXFileReference section */

/* Begin PBXFrameworksBuildPhase section */
		C5E97728278338D9003DC639 /* Frameworks */ = {
			isa = PBXFrameworksBuildPhase;
			buildActionMask = 2147483647;
			files = (
			);
			runOnlyForDeploymentPostprocessing = 0;
		};
/* End PBXFrameworksBuildPhase section */

/* Begin PBXGroup section */
		C5E97722278338D9003DC639 = {
			isa = PBXGroup;
			children = (
				C5E9772D278338D9003DC639 /* CoinCheck */,
				C5E9772C278338D9003DC639 /* Products */,
			);
			sourceTree = "<group>";
		};
		C5E9772C278338D9003DC639 /* Products */ = {
			isa = PBXGroup;
			children = (
				C5E9772B278338D9003DC639 /* CoinCheck.app */,
			);
			name = Products;
			sourceTree = "<group>";
		};
		C5E9772D278338D9003DC639 /* CoinCheck */ = {
			isa = PBXGroup;
			children = (
				C5E97742278339B3003DC639 /* App */,
				C5E97744278339C8003DC639 /* Models */,
				C5E97743278339BB003DC639 /* Views */,
				C5E97745278339CE003DC639 /* Controllers */,
				C5E97748278339FD003DC639 /* Network */,
				C5E97737278338DA003DC639 /* Assets.xcassets */,
				C5E9773C278338DA003DC639 /* Info.plist */,
			);
			path = CoinCheck;
			sourceTree = "<group>";
		};
		C5E97742278339B3003DC639 /* App */ = {
			isa = PBXGroup;
			children = (
				C5E9772E278338D9003DC639 /* AppDelegate.swift */,
				C5E97730278338D9003DC639 /* SceneDelegate.swift */,
			);
			path = App;
			sourceTree = "<group>";
		};
		C5E97743278339BB003DC639 /* Views */ = {
			isa = PBXGroup;
			children = (
				C5E97734278338D9003DC639 /* Main.storyboard */,
				C5D8667827837A2200793041 /* LaunchScreen.storyboard */,
			);
			path = Views;
			sourceTree = "<group>";
		};
		C5E97744278339C8003DC639 /* Models */ = {
			isa = PBXGroup;
			children = (
				C5E97746278339F1003DC639 /* CoinModel.swift */,
			);
			path = Models;
			sourceTree = "<group>";
		};
		C5E97745278339CE003DC639 /* Controllers */ = {
			isa = PBXGroup;
			children = (
				C5E97732278338D9003DC639 /* CoinViewController.swift */,
				C5E9774B27833A7B003DC639 /* CoinController.swift */,
			);
			path = Controllers;
			sourceTree = "<group>";
		};
		C5E97748278339FD003DC639 /* Network */ = {
			isa = PBXGroup;
			children = (
				C5E9774927833A2F003DC639 /* CoinAPI.swift */,
				C5E9774D27833CA4003DC639 /* NetworkManager.swift */,
			);
			path = Network;
			sourceTree = "<group>";
		};
/* End PBXGroup section */

/* Begin PBXNativeTarget section */
		C5E9772A278338D9003DC639 /* CoinCheck */ = {
			isa = PBXNativeTarget;
			buildConfigurationList = C5E9773F278338DA003DC639 /* Build configuration list for PBXNativeTarget "CoinCheck" */;
			buildPhases = (
				C5E97727278338D9003DC639 /* Sources */,
				C5E97728278338D9003DC639 /* Frameworks */,
				C5E97729278338D9003DC639 /* Resources */,
			);
			buildRules = (
			);
			dependencies = (
			);
			name = CoinCheck;
			productName = CoinCheck;
			productReference = C5E9772B278338D9003DC639 /* CoinCheck.app */;
			productType = "com.apple.product-type.application";
		};
/* End PBXNativeTarget section */

/* Begin PBXProject section */
		C5E97723278338D9003DC639 /* Project object */ = {
			isa = PBXProject;
			attributes = {
				BuildIndependentTargetsInParallel = 1;
				LastSwiftUpdateCheck = 1320;
				LastUpgradeCheck = 1320;
				TargetAttributes = {
					C5E9772A278338D9003DC639 = {
						CreatedOnToolsVersion = 13.2.1;
					};
				};
			};
			buildConfigurationList = C5E97726278338D9003DC639 /* Build configuration list for PBXProject "CoinCheck" */;
			compatibilityVersion = "Xcode 13.0";
			developmentRegion = en;
			hasScannedForEncodings = 0;
			knownRegions = (
				en,
				Base,
			);
			mainGroup = C5E97722278338D9003DC639;
			productRefGroup = C5E9772C278338D9003DC639 /* Products */;
			projectDirPath = "";
			projectRoot = "";
			targets = (
				C5E9772A278338D9003DC639 /* CoinCheck */,
			);
		};
/* End PBXProject section */

/* Begin PBXResourcesBuildPhase section */
		C5E97729278338D9003DC639 /* Resources */ = {
			isa = PBXResourcesBuildPhase;
			buildActionMask = 2147483647;
			files = (
				C5D8667927837A2200793041 /* LaunchScreen.storyboard in Resources */,
				C5E97738278338DA003DC639 /* Assets.xcassets in Resources */,
				C5E97736278338D9003DC639 /* Main.storyboard in Resources */,
			);
			runOnlyForDeploymentPostprocessing = 0;
		};
/* End PBXResourcesBuildPhase section */

/* Begin PBXSourcesBuildPhase section */
		C5E97727278338D9003DC639 /* Sources */ = {
			isa = PBXSourcesBuildPhase;
			buildActionMask = 2147483647;
			files = (
				C5E9774C27833A7B003DC639 /* CoinController.swift in Sources */,
				C5E97747278339F1003DC639 /* CoinModel.swift in Sources */,
				C5E97733278338D9003DC639 /* CoinViewController.swift in Sources */,
				C5E9774E27833CA4003DC639 /* NetworkManager.swift in Sources */,
				C5E9774A27833A2F003DC639 /* CoinAPI.swift in Sources */,
				C5E9772F278338D9003DC639 /* AppDelegate.swift in Sources */,
				C5E97731278338D9003DC639 /* SceneDelegate.swift in Sources */,
			);
			runOnlyForDeploymentPostprocessing = 0;
		};
/* End PBXSourcesBuildPhase section */

/* Begin PBXVariantGroup section */
		C5E97734278338D9003DC639 /* Main.storyboard */ = {
			isa = PBXVariantGroup;
			children = (
				C5E97735278338D9003DC639 /* Base */,
			);
			name = Main.storyboard;
			sourceTree = "<group>";
		};
/* End PBXVariantGroup section */

/* Begin XCBuildConfiguration section */
		C5E9773D278338DA003DC639 /* Debug */ = {
			isa = XCBuildConfiguration;
			buildSettings = {
				ALWAYS_SEARCH_USER_PATHS = NO;
				CLANG_ANALYZER_NONNULL = YES;
				CLANG_ANALYZER_NUMBER_OBJECT_CONVERSION = YES_AGGRESSIVE;
				CLANG_CXX_LANGUAGE_STANDARD = "gnu++17";
				CLANG_CXX_LIBRARY = "libc++";
				CLANG_ENABLE_MODULES = YES;
				CLANG_ENABLE_OBJC_ARC = YES;
				CLANG_ENABLE_OBJC_WEAK = YES;
				CLANG_WARN_BLOCK_CAPTURE_AUTORELEASING = YES;
				CLANG_WARN_BOOL_CONVERSION = YES;
				CLANG_WARN_COMMA = YES;
				CLANG_WARN_CONSTANT_CONVERSION = YES;
				CLANG_WARN_DEPRECATED_OBJC_IMPLEMENTATIONS = YES;
				CLANG_WARN_DIRECT_OBJC_ISA_USAGE = YES_ERROR;
				CLANG_WARN_DOCUMENTATION_COMMENTS = YES;
				CLANG_WARN_EMPTY_BODY = YES;
				CLANG_WARN_ENUM_CONVERSION = YES;
				CLANG_WARN_INFINITE_RECURSION = YES;
				CLANG_WARN_INT_CONVERSION = YES;
				CLANG_WARN_NON_LITERAL_NULL_CONVERSION = YES;
				CLANG_WARN_OBJC_IMPLICIT_RETAIN_SELF = YES;
				CLANG_WARN_OBJC_LITERAL_CONVERSION = YES;
				CLANG_WARN_OBJC_ROOT_CLASS = YES_ERROR;
				CLANG_WARN_QUOTED_INCLUDE_IN_FRAMEWORK_HEADER = YES;
				CLANG_WARN_RANGE_LOOP_ANALYSIS = YES;
				CLANG_WARN_STRICT_PROTOTYPES = YES;
				CLANG_WARN_SUSPICIOUS_MOVE = YES;
				CLANG_WARN_UNGUARDED_AVAILABILITY = YES_AGGRESSIVE;
				CLANG_WARN_UNREACHABLE_CODE = YES;
				CLANG_WARN__DUPLICATE_METHOD_MATCH = YES;
				COPY_PHASE_STRIP = NO;
				DEBUG_INFORMATION_FORMAT = dwarf;
				ENABLE_STRICT_OBJC_MSGSEND = YES;
				ENABLE_TESTABILITY = YES;
				GCC_C_LANGUAGE_STANDARD = gnu11;
				GCC_DYNAMIC_NO_PIC = NO;
				GCC_NO_COMMON_BLOCKS = YES;
				GCC_OPTIMIZATION_LEVEL = 0;
				GCC_PREPROCESSOR_DEFINITIONS = (
					"DEBUG=1",
					"$(inherited)",
				);
				GCC_WARN_64_TO_32_BIT_CONVERSION = YES;
				GCC_WARN_ABOUT_RETURN_TYPE = YES_ERROR;
				GCC_WARN_UNDECLARED_SELECTOR = YES;
				GCC_WARN_UNINITIALIZED_AUTOS = YES_AGGRESSIVE;
				GCC_WARN_UNUSED_FUNCTION = YES;
				GCC_WARN_UNUSED_VARIABLE = YES;
				IPHONEOS_DEPLOYMENT_TARGET = 15.2;
				MTL_ENABLE_DEBUG_INFO = INCLUDE_SOURCE;
				MTL_FAST_MATH = YES;
				ONLY_ACTIVE_ARCH = YES;
				SDKROOT = iphoneos;
				SWIFT_ACTIVE_COMPILATION_CONDITIONS = DEBUG;
				SWIFT_OPTIMIZATION_LEVEL = "-Onone";
			};
			name = Debug;
		};
		C5E9773E278338DA003DC639 /* Release */ = {
			isa = XCBuildConfiguration;
			buildSettings = {
				ALWAYS_SEARCH_USER_PATHS = NO;
				CLANG_ANALYZER_NONNULL = YES;
				CLANG_ANALYZER_NUMBER_OBJECT_CONVERSION = YES_AGGRESSIVE;
				CLANG_CXX_LANGUAGE_STANDARD = "gnu++17";
				CLANG_CXX_LIBRARY = "libc++";
				CLANG_ENABLE_MODULES = YES;
				CLANG_ENABLE_OBJC_ARC = YES;
				CLANG_ENABLE_OBJC_WEAK = YES;
				CLANG_WARN_BLOCK_CAPTURE_AUTORELEASING = YES;
				CLANG_WARN_BOOL_CONVERSION = YES;
				CLANG_WARN_COMMA = YES;
				CLANG_WARN_CONSTANT_CONVERSION = YES;
				CLANG_WARN_DEPRECATED_OBJC_IMPLEMENTATIONS = YES;
				CLANG_WARN_DIRECT_OBJC_ISA_USAGE = YES_ERROR;
				CLANG_WARN_DOCUMENTATION_COMMENTS = YES;
				CLANG_WARN_EMPTY_BODY = YES;
				CLANG_WARN_ENUM_CONVERSION = YES;
				CLANG_WARN_INFINITE_RECURSION = YES;
				CLANG_WARN_INT_CONVERSION = YES;
				CLANG_WARN_NON_LITERAL_NULL_CONVERSION = YES;
				CLANG_WARN_OBJC_IMPLICIT_RETAIN_SELF = YES;
				CLANG_WARN_OBJC_LITERAL_CONVERSION = YES;
				CLANG_WARN_OBJC_ROOT_CLASS = YES_ERROR;
				CLANG_WARN_QUOTED_INCLUDE_IN_FRAMEWORK_HEADER = YES;
				CLANG_WARN_RANGE_LOOP_ANALYSIS = YES;
				CLANG_WARN_STRICT_PROTOTYPES = YES;
				CLANG_WARN_SUSPICIOUS_MOVE = YES;
				CLANG_WARN_UNGUARDED_AVAILABILITY = YES_AGGRESSIVE;
				CLANG_WARN_UNREACHABLE_CODE = YES;
				CLANG_WARN__DUPLICATE_METHOD_MATCH = YES;
				COPY_PHASE_STRIP = NO;
				DEBUG_INFORMATION_FORMAT = "dwarf-with-dsym";
				ENABLE_NS_ASSERTIONS = NO;
				ENABLE_STRICT_OBJC_MSGSEND = YES;
				GCC_C_LANGUAGE_STANDARD = gnu11;
				GCC_NO_COMMON_BLOCKS = YES;
				GCC_WARN_64_TO_32_BIT_CONVERSION = YES;
				GCC_WARN_ABOUT_RETURN_TYPE = YES_ERROR;
				GCC_WARN_UNDECLARED_SELECTOR = YES;
				GCC_WARN_UNINITIALIZED_AUTOS = YES_AGGRESSIVE;
				GCC_WARN_UNUSED_FUNCTION = YES;
				GCC_WARN_UNUSED_VARIABLE = YES;
				IPHONEOS_DEPLOYMENT_TARGET = 15.2;
				MTL_ENABLE_DEBUG_INFO = NO;
				MTL_FAST_MATH = YES;
				SDKROOT = iphoneos;
				SWIFT_COMPILATION_MODE = wholemodule;
				SWIFT_OPTIMIZATION_LEVEL = "-O";
				VALIDATE_PRODUCT = YES;
			};
			name = Release;
		};
		C5E97740278338DA003DC639 /* Debug */ = {
			isa = XCBuildConfiguration;
			buildSettings = {
				ASSETCATALOG_COMPILER_APPICON_NAME = AppIcon;
				ASSETCATALOG_COMPILER_GLOBAL_ACCENT_COLOR_NAME = AccentColor;
				CODE_SIGN_STYLE = Automatic;
				CURRENT_PROJECT_VERSION = 1;
				DEVELOPMENT_TEAM = C4T7T8FXHB;
				GENERATE_INFOPLIST_FILE = YES;
				INFOPLIST_FILE = CoinCheck/Info.plist;
				INFOPLIST_KEY_CFBundleDisplayName = "Coin Check";
				INFOPLIST_KEY_UIApplicationSupportsIndirectInputEvents = YES;
				INFOPLIST_KEY_UILaunchStoryboardName = LaunchScreen;
				INFOPLIST_KEY_UIMainStoryboardFile = Main;
				INFOPLIST_KEY_UISupportedInterfaceOrientations = "UIInterfaceOrientationPortrait UIInterfaceOrientationLandscapeLeft UIInterfaceOrientationLandscapeRight";
				INFOPLIST_KEY_UISupportedInterfaceOrientations_iPad = "UIInterfaceOrientationPortrait UIInterfaceOrientationPortraitUpsideDown UIInterfaceOrientationLandscapeLeft UIInterfaceOrientationLandscapeRight";
				INFOPLIST_KEY_UISupportedInterfaceOrientations_iPhone = "UIInterfaceOrientationPortrait UIInterfaceOrientationLandscapeLeft UIInterfaceOrientationLandscapeRight";
				IPHONEOS_DEPLOYMENT_TARGET = 15.0;
				LD_RUNPATH_SEARCH_PATHS = (
					"$(inherited)",
					"@executable_path/Frameworks",
				);
				MARKETING_VERSION = 1.0;
				PRODUCT_BUNDLE_IDENTIFIER = com.anibalventura.CoinCheck;
				PRODUCT_NAME = "$(TARGET_NAME)";
				SWIFT_EMIT_LOC_STRINGS = YES;
				SWIFT_VERSION = 5.0;
				TARGETED_DEVICE_FAMILY = "1,2";
			};
			name = Debug;
		};
		C5E97741278338DA003DC639 /* Release */ = {
			isa = XCBuildConfiguration;
			buildSettings = {
				ASSETCATALOG_COMPILER_APPICON_NAME = AppIcon;
				ASSETCATALOG_COMPILER_GLOBAL_ACCENT_COLOR_NAME = AccentColor;
				CODE_SIGN_STYLE = Automatic;
				CURRENT_PROJECT_VERSION = 1;
				DEVELOPMENT_TEAM = C4T7T8FXHB;
				GENERATE_INFOPLIST_FILE = YES;
				INFOPLIST_FILE = CoinCheck/Info.plist;
				INFOPLIST_KEY_CFBundleDisplayName = "Coin Check";
				INFOPLIST_KEY_UIApplicationSupportsIndirectInputEvents = YES;
				INFOPLIST_KEY_UILaunchStoryboardName = LaunchScreen;
				INFOPLIST_KEY_UIMainStoryboardFile = Main;
				INFOPLIST_KEY_UISupportedInterfaceOrientations = "UIInterfaceOrientationPortrait UIInterfaceOrientationLandscapeLeft UIInterfaceOrientationLandscapeRight";
				INFOPLIST_KEY_UISupportedInterfaceOrientations_iPad = "UIInterfaceOrientationPortrait UIInterfaceOrientationPortraitUpsideDown UIInterfaceOrientationLandscapeLeft UIInterfaceOrientationLandscapeRight";
				INFOPLIST_KEY_UISupportedInterfaceOrientations_iPhone = "UIInterfaceOrientationPortrait UIInterfaceOrientationLandscapeLeft UIInterfaceOrientationLandscapeRight";
				IPHONEOS_DEPLOYMENT_TARGET = 15.0;
				LD_RUNPATH_SEARCH_PATHS = (
					"$(inherited)",
					"@executable_path/Frameworks",
				);
				MARKETING_VERSION = 1.0;
				PRODUCT_BUNDLE_IDENTIFIER = com.anibalventura.CoinCheck;
				PRODUCT_NAME = "$(TARGET_NAME)";
				SWIFT_EMIT_LOC_STRINGS = YES;
				SWIFT_VERSION = 5.0;
				TARGETED_DEVICE_FAMILY = "1,2";
			};
			name = Release;
		};
/* End XCBuildConfiguration section */

/* Begin XCConfigurationList section */
		C5E97726278338D9003DC639 /* Build configuration list for PBXProject "CoinCheck" */ = {
			isa = XCConfigurationList;
			buildConfigurations = (
				C5E9773D278338DA003DC639 /* Debug */,
				C5E9773E278338DA003DC639 /* Release */,
			);
			defaultConfigurationIsVisible = 0;
			defaultConfigurationName = Release;
		};
		C5E9773F278338DA003DC639 /* Build configuration list for PBXNativeTarget "CoinCheck" */ = {
			isa = XCConfigurationList;
			buildConfigurations = (
				C5E97740278338DA003DC639 /* Debug */,
				C5E97741278338DA003DC639 /* Release */,
			);
			defaultConfigurationIsVisible = 0;
			defaultConfigurationName = Release;
		};
/* End XCConfigurationList section */
	};
	rootObject = C5E97723278338D9003DC639 /* Project object */;
}
